
Microsoft Visual Studio Solution File, Format Version 12.00
# Visual Studio Version 17
VisualStudioVersion = 17.0.32112.339
MinimumVisualStudioVersion = 10.0.40219.1
Project("{FAE04EC0-301F-11D3-BF4B-00C04F79EFBC}") = "Animou.App", "src\Animou.App\Animou.App.csproj", "{6850BD3A-FEC0-4F74-8AA6-713CDEFB5328}"
EndProject
Project("{FAE04EC0-301F-11D3-BF4B-00C04F79EFBC}") = "Animou.Business", "src\Animou.Business\Animou.Business.csproj", "{FF239631-E3CA-45D4-A8A2-069AB9290A07}"
EndProject
Project("{FAE04EC0-301F-11D3-BF4B-00C04F79EFBC}") = "Animou.Data", "src\Animou.Data\Animou.Data.csproj", "{B1081EC8-B8F3-46CC-8B7E-38C97662F43A}"
EndProject
Global
	GlobalSection(SolutionConfigurationPlatforms) = preSolution
		Debug|Any CPU = Debug|Any CPU
		Release|Any CPU = Release|Any CPU
	EndGlobalSection
	GlobalSection(ProjectConfigurationPlatforms) = postSolution
		{6850BD3A-FEC0-4F74-8AA6-713CDEFB5328}.Debug|Any CPU.ActiveCfg = Debug|Any CPU
		{6850BD3A-FEC0-4F74-8AA6-713CDEFB5328}.Debug|Any CPU.Build.0 = Debug|Any CPU
		{6850BD3A-FEC0-4F74-8AA6-713CDEFB5328}.Release|Any CPU.ActiveCfg = Release|Any CPU
		{6850BD3A-FEC0-4F74-8AA6-713CDEFB5328}.Release|Any CPU.Build.0 = Release|Any CPU
		{FF239631-E3CA-45D4-A8A2-069AB9290A07}.Debug|Any CPU.ActiveCfg = Debug|Any CPU
		{FF239631-E3CA-45D4-A8A2-069AB9290A07}.Debug|Any CPU.Build.0 = Debug|Any CPU
		{FF239631-E3CA-45D4-A8A2-069AB9290A07}.Release|Any CPU.ActiveCfg = Release|Any CPU
		{FF239631-E3CA-45D4-A8A2-069AB9290A07}.Release|Any CPU.Build.0 = Release|Any CPU
		{B1081EC8-B8F3-46CC-8B7E-38C97662F43A}.Debug|Any CPU.ActiveCfg = Debug|Any CPU
		{B1081EC8-B8F3-46CC-8B7E-38C97662F43A}.Debug|Any CPU.Build.0 = Debug|Any CPU
		{B1081EC8-B8F3-46CC-8B7E-38C97662F43A}.Release|Any CPU.ActiveCfg = Release|Any CPU
		{B1081EC8-B8F3-46CC-8B7E-38C97662F43A}.Release|Any CPU.Build.0 = Release|Any CPU
	EndGlobalSection
	GlobalSection(SolutionProperties) = preSolution
		HideSolutionNode = FALSE
	EndGlobalSection
	GlobalSection(ExtensibilityGlobals) = postSolution
		SolutionGuid = {DD739631-36DB-46D7-8959-DD1D0CB66CD3}
	EndGlobalSection
EndGlobal
